
Microsoft Visual Studio Solution File, Format Version 12.00
# Visual Studio Version 17
VisualStudioVersion = 17.9.34714.143
MinimumVisualStudioVersion = 10.0.40219.1
Project("{FAE04EC0-301F-11D3-BF4B-00C04F79EFBC}") = "ConsoleTest", "ConsoleTest\ConsoleTest.csproj", "{E29002A6-DBF6-4F0D-9AD9-2CAE7BD6E29B}"
EndProject
Project("{9A19103F-16F7-4668-BE54-9A1E7A4F7556}") = "Crud.Domain", "..\Crud.Domain\Crud.Domain.csproj", "{EAFFF356-C9D8-4B48-9E4F-851DE4C9C164}"
EndProject
Project("{9A19103F-16F7-4668-BE54-9A1E7A4F7556}") = "Crud.Application", "..\Crud.Application\Crud.Application.csproj", "{1DB91FF4-9150-4757-BA6A-113ED3577D10}"
EndProject
Project("{9A19103F-16F7-4668-BE54-9A1E7A4F7556}") = "Crud.Infrastructure", "..\Crud.Infrastructure\Crud.Infrastructure.csproj", "{7CEFF03F-44D0-4D1A-A282-4CEE47BC1CA2}"
EndProject
Project("{FAE04EC0-301F-11D3-BF4B-00C04F79EFBC}") = "Crud.Api", "Crud.Api\Crud.Api.csproj", "{A4EAFE44-6EBA-417F-AE28-29C07587E724}"
EndProject
Global
	GlobalSection(SolutionConfigurationPlatforms) = preSolution
		Debug|Any CPU = Debug|Any CPU
		Release|Any CPU = Release|Any CPU
	EndGlobalSection
	GlobalSection(ProjectConfigurationPlatforms) = postSolution
		{E29002A6-DBF6-4F0D-9AD9-2CAE7BD6E29B}.Debug|Any CPU.ActiveCfg = Debug|Any CPU
		{E29002A6-DBF6-4F0D-9AD9-2CAE7BD6E29B}.Debug|Any CPU.Build.0 = Debug|Any CPU
		{E29002A6-DBF6-4F0D-9AD9-2CAE7BD6E29B}.Release|Any CPU.ActiveCfg = Release|Any CPU
		{E29002A6-DBF6-4F0D-9AD9-2CAE7BD6E29B}.Release|Any CPU.Build.0 = Release|Any CPU
		{EAFFF356-C9D8-4B48-9E4F-851DE4C9C164}.Debug|Any CPU.ActiveCfg = Debug|Any CPU
		{EAFFF356-C9D8-4B48-9E4F-851DE4C9C164}.Debug|Any CPU.Build.0 = Debug|Any CPU
		{EAFFF356-C9D8-4B48-9E4F-851DE4C9C164}.Release|Any CPU.ActiveCfg = Release|Any CPU
		{EAFFF356-C9D8-4B48-9E4F-851DE4C9C164}.Release|Any CPU.Build.0 = Release|Any CPU
		{1DB91FF4-9150-4757-BA6A-113ED3577D10}.Debug|Any CPU.ActiveCfg = Debug|Any CPU
		{1DB91FF4-9150-4757-BA6A-113ED3577D10}.Debug|Any CPU.Build.0 = Debug|Any CPU
		{1DB91FF4-9150-4757-BA6A-113ED3577D10}.Release|Any CPU.ActiveCfg = Release|Any CPU
		{1DB91FF4-9150-4757-BA6A-113ED3577D10}.Release|Any CPU.Build.0 = Release|Any CPU
		{7CEFF03F-44D0-4D1A-A282-4CEE47BC1CA2}.Debug|Any CPU.ActiveCfg = Debug|Any CPU
		{7CEFF03F-44D0-4D1A-A282-4CEE47BC1CA2}.Debug|Any CPU.Build.0 = Debug|Any CPU
		{7CEFF03F-44D0-4D1A-A282-4CEE47BC1CA2}.Release|Any CPU.ActiveCfg = Release|Any CPU
		{7CEFF03F-44D0-4D1A-A282-4CEE47BC1CA2}.Release|Any CPU.Build.0 = Release|Any CPU
		{A4EAFE44-6EBA-417F-AE28-29C07587E724}.Debug|Any CPU.ActiveCfg = Debug|Any CPU
		{A4EAFE44-6EBA-417F-AE28-29C07587E724}.Debug|Any CPU.Build.0 = Debug|Any CPU
		{A4EAFE44-6EBA-417F-AE28-29C07587E724}.Release|Any CPU.ActiveCfg = Release|Any CPU
		{A4EAFE44-6EBA-417F-AE28-29C07587E724}.Release|Any CPU.Build.0 = Release|Any CPU
	EndGlobalSection
	GlobalSection(SolutionProperties) = preSolution
		HideSolutionNode = FALSE
	EndGlobalSection
	GlobalSection(ExtensibilityGlobals) = postSolution
		SolutionGuid = {FF4336C0-8C3F-4A4E-88F7-F1F88EB86D20}
	EndGlobalSection
EndGlobal
